
Microsoft Visual Studio Solution File, Format Version 12.00
# Visual Studio 15
VisualStudioVersion = 15.0.27130.2027
MinimumVisualStudioVersion = 10.0.40219.1
Project("{FAE04EC0-301F-11D3-BF4B-00C04F79EFBC}") = "WebPageGeneratorKata", "WebPageGeneratorKata\WebPageGeneratorKata.csproj", "{12DFDCD0-8E77-409F-A87F-6AA2BFCACBAF}"
EndProject
Global
	GlobalSection(SolutionConfigurationPlatforms) = preSolution
		Debug|Any CPU = Debug|Any CPU
		Release|Any CPU = Release|Any CPU
	EndGlobalSection
	GlobalSection(ProjectConfigurationPlatforms) = postSolution
		{12DFDCD0-8E77-409F-A87F-6AA2BFCACBAF}.Debug|Any CPU.ActiveCfg = Debug|Any CPU
		{12DFDCD0-8E77-409F-A87F-6AA2BFCACBAF}.Debug|Any CPU.Build.0 = Debug|Any CPU
		{12DFDCD0-8E77-409F-A87F-6AA2BFCACBAF}.Release|Any CPU.ActiveCfg = Release|Any CPU
		{12DFDCD0-8E77-409F-A87F-6AA2BFCACBAF}.Release|Any CPU.Build.0 = Release|Any CPU
	EndGlobalSection
	GlobalSection(SolutionProperties) = preSolution
		HideSolutionNode = FALSE
	EndGlobalSection
	GlobalSection(ExtensibilityGlobals) = postSolution
		SolutionGuid = {018D9958-BCFC-4797-9C03-E6378C1F514E}
	EndGlobalSection
EndGlobal
