
Microsoft Visual Studio Solution File, Format Version 12.00
# Visual Studio 14
VisualStudioVersion = 14.0.25420.1
MinimumVisualStudioVersion = 10.0.40219.1
Project("{FAE04EC0-301F-11D3-BF4B-00C04F79EFBC}") = "KataPrintDate", "KataPrintDate\KataPrintDate.csproj", "{577827D5-2AE4-4848-8C30-BFAF606E68AF}"
EndProject
Project("{FAE04EC0-301F-11D3-BF4B-00C04F79EFBC}") = "KataPrintDate.Tests", "KataPrintDate.Tests\KataPrintDate.Tests.csproj", "{0E9CF63C-1E19-4F13-9B54-264527CCF10B}"
EndProject
Global
	GlobalSection(SolutionConfigurationPlatforms) = preSolution
		Debug|Any CPU = Debug|Any CPU
		Release|Any CPU = Release|Any CPU
	EndGlobalSection
	GlobalSection(ProjectConfigurationPlatforms) = postSolution
		{577827D5-2AE4-4848-8C30-BFAF606E68AF}.Debug|Any CPU.ActiveCfg = Debug|Any CPU
		{577827D5-2AE4-4848-8C30-BFAF606E68AF}.Debug|Any CPU.Build.0 = Debug|Any CPU
		{577827D5-2AE4-4848-8C30-BFAF606E68AF}.Release|Any CPU.ActiveCfg = Release|Any CPU
		{577827D5-2AE4-4848-8C30-BFAF606E68AF}.Release|Any CPU.Build.0 = Release|Any CPU
		{0E9CF63C-1E19-4F13-9B54-264527CCF10B}.Debug|Any CPU.ActiveCfg = Debug|Any CPU
		{0E9CF63C-1E19-4F13-9B54-264527CCF10B}.Debug|Any CPU.Build.0 = Debug|Any CPU
		{0E9CF63C-1E19-4F13-9B54-264527CCF10B}.Release|Any CPU.ActiveCfg = Release|Any CPU
		{0E9CF63C-1E19-4F13-9B54-264527CCF10B}.Release|Any CPU.Build.0 = Release|Any CPU
	EndGlobalSection
	GlobalSection(SolutionProperties) = preSolution
		HideSolutionNode = FALSE
	EndGlobalSection
EndGlobal
