
Microsoft Visual Studio Solution File, Format Version 12.00
# Visual Studio 15
VisualStudioVersion = 15.0.27130.2027
MinimumVisualStudioVersion = 10.0.40219.1
Project("{FAE04EC0-301F-11D3-BF4B-00C04F79EFBC}") = "RankingKata", "RankingKata\RankingKata.csproj", "{DDF8B6BF-F66C-413E-8860-ABAFC740630D}"
EndProject
Project("{FAE04EC0-301F-11D3-BF4B-00C04F79EFBC}") = "RankingKata.Test", "RankingKata.Test\RankingKata.Test.csproj", "{9EB5DBAD-0A68-4689-B5BD-6B523A8448D0}"
EndProject
Global
	GlobalSection(SolutionConfigurationPlatforms) = preSolution
		Debug|Any CPU = Debug|Any CPU
		Release|Any CPU = Release|Any CPU
	EndGlobalSection
	GlobalSection(ProjectConfigurationPlatforms) = postSolution
		{DDF8B6BF-F66C-413E-8860-ABAFC740630D}.Debug|Any CPU.ActiveCfg = Debug|Any CPU
		{DDF8B6BF-F66C-413E-8860-ABAFC740630D}.Debug|Any CPU.Build.0 = Debug|Any CPU
		{DDF8B6BF-F66C-413E-8860-ABAFC740630D}.Release|Any CPU.ActiveCfg = Release|Any CPU
		{DDF8B6BF-F66C-413E-8860-ABAFC740630D}.Release|Any CPU.Build.0 = Release|Any CPU
		{9EB5DBAD-0A68-4689-B5BD-6B523A8448D0}.Debug|Any CPU.ActiveCfg = Debug|Any CPU
		{9EB5DBAD-0A68-4689-B5BD-6B523A8448D0}.Debug|Any CPU.Build.0 = Debug|Any CPU
		{9EB5DBAD-0A68-4689-B5BD-6B523A8448D0}.Release|Any CPU.ActiveCfg = Release|Any CPU
		{9EB5DBAD-0A68-4689-B5BD-6B523A8448D0}.Release|Any CPU.Build.0 = Release|Any CPU
	EndGlobalSection
	GlobalSection(SolutionProperties) = preSolution
		HideSolutionNode = FALSE
	EndGlobalSection
	GlobalSection(ExtensibilityGlobals) = postSolution
		SolutionGuid = {867B81A3-E3B8-497F-9710-513921EAA313}
	EndGlobalSection
EndGlobal
